
Microsoft Visual Studio Solution File, Format Version 12.00
# Visual Studio Version 17
VisualStudioVersion = 17.10.34916.146
MinimumVisualStudioVersion = 10.0.40219.1
Project("{FAE04EC0-301F-11D3-BF4B-00C04F79EFBC}") = "BootStrapSample", "BootStrapSample\BootStrapSample.csproj", "{686E930F-DEF5-4D25-AD5B-695A9F013760}"
EndProject
Project("{FAE04EC0-301F-11D3-BF4B-00C04F79EFBC}") = "BootStrapEmptyProject", "BootStrapEmptyProject\BootStrapEmptyProject.csproj", "{FB4A1C3E-DA0D-4FA7-9838-AE6885EE7AF1}"
EndProject
Global
	GlobalSection(SolutionConfigurationPlatforms) = preSolution
		Debug|Any CPU = Debug|Any CPU
		Release|Any CPU = Release|Any CPU
	EndGlobalSection
	GlobalSection(ProjectConfigurationPlatforms) = postSolution
		{686E930F-DEF5-4D25-AD5B-695A9F013760}.Debug|Any CPU.ActiveCfg = Debug|Any CPU
		{686E930F-DEF5-4D25-AD5B-695A9F013760}.Debug|Any CPU.Build.0 = Debug|Any CPU
		{686E930F-DEF5-4D25-AD5B-695A9F013760}.Release|Any CPU.ActiveCfg = Release|Any CPU
		{686E930F-DEF5-4D25-AD5B-695A9F013760}.Release|Any CPU.Build.0 = Release|Any CPU
		{FB4A1C3E-DA0D-4FA7-9838-AE6885EE7AF1}.Debug|Any CPU.ActiveCfg = Debug|Any CPU
		{FB4A1C3E-DA0D-4FA7-9838-AE6885EE7AF1}.Debug|Any CPU.Build.0 = Debug|Any CPU
		{FB4A1C3E-DA0D-4FA7-9838-AE6885EE7AF1}.Release|Any CPU.ActiveCfg = Release|Any CPU
		{FB4A1C3E-DA0D-4FA7-9838-AE6885EE7AF1}.Release|Any CPU.Build.0 = Release|Any CPU
	EndGlobalSection
	GlobalSection(SolutionProperties) = preSolution
		HideSolutionNode = FALSE
	EndGlobalSection
	GlobalSection(ExtensibilityGlobals) = postSolution
		SolutionGuid = {62F4D0E0-3043-460F-AECA-B600E9400062}
	EndGlobalSection
EndGlobal
