
Microsoft Visual Studio Solution File, Format Version 12.00
# Visual Studio Version 17
VisualStudioVersion = 17.10.34916.146
MinimumVisualStudioVersion = 10.0.40219.1
Project("{FAE04EC0-301F-11D3-BF4B-00C04F79EFBC}") = "sistem_app", "sistem_app\sistem_app.csproj", "{3F1E5F32-3043-477E-AE87-83DBE6EE335D}"
EndProject
Global
	GlobalSection(SolutionConfigurationPlatforms) = preSolution
		Debug|Any CPU = Debug|Any CPU
		Release|Any CPU = Release|Any CPU
	EndGlobalSection
	GlobalSection(ProjectConfigurationPlatforms) = postSolution
		{3F1E5F32-3043-477E-AE87-83DBE6EE335D}.Debug|Any CPU.ActiveCfg = Debug|Any CPU
		{3F1E5F32-3043-477E-AE87-83DBE6EE335D}.Debug|Any CPU.Build.0 = Debug|Any CPU
		{3F1E5F32-3043-477E-AE87-83DBE6EE335D}.Release|Any CPU.ActiveCfg = Release|Any CPU
		{3F1E5F32-3043-477E-AE87-83DBE6EE335D}.Release|Any CPU.Build.0 = Release|Any CPU
	EndGlobalSection
	GlobalSection(SolutionProperties) = preSolution
		HideSolutionNode = FALSE
	EndGlobalSection
	GlobalSection(ExtensibilityGlobals) = postSolution
		SolutionGuid = {50BC57E9-9169-44A3-BFDF-5F69DB88045A}
	EndGlobalSection
EndGlobal
