
Microsoft Visual Studio Solution File, Format Version 12.00
# Visual Studio Version 17
VisualStudioVersion = 17.10.34916.146
MinimumVisualStudioVersion = 10.0.40219.1
Project("{FAE04EC0-301F-11D3-BF4B-00C04F79EFBC}") = "AbstractInterfaceDiff", "AbstractInterfaceDiff\AbstractInterfaceDiff.csproj", "{5F5A2ABC-401E-4D9F-A1A8-F0DE18C97E8C}"
EndProject
Project("{FAE04EC0-301F-11D3-BF4B-00C04F79EFBC}") = "EnumSample", "EnumSample\EnumSample.csproj", "{2EFF0AB9-1293-4894-81FF-02A536906364}"
EndProject
Project("{FAE04EC0-301F-11D3-BF4B-00C04F79EFBC}") = "StaticClassSample", "StaticClassSample\StaticClassSample.csproj", "{1B3FBAAA-AA4B-4C67-8451-120965E2E48D}"
EndProject
Global
	GlobalSection(SolutionConfigurationPlatforms) = preSolution
		Debug|Any CPU = Debug|Any CPU
		Release|Any CPU = Release|Any CPU
	EndGlobalSection
	GlobalSection(ProjectConfigurationPlatforms) = postSolution
		{5F5A2ABC-401E-4D9F-A1A8-F0DE18C97E8C}.Debug|Any CPU.ActiveCfg = Debug|Any CPU
		{5F5A2ABC-401E-4D9F-A1A8-F0DE18C97E8C}.Debug|Any CPU.Build.0 = Debug|Any CPU
		{5F5A2ABC-401E-4D9F-A1A8-F0DE18C97E8C}.Release|Any CPU.ActiveCfg = Release|Any CPU
		{5F5A2ABC-401E-4D9F-A1A8-F0DE18C97E8C}.Release|Any CPU.Build.0 = Release|Any CPU
		{2EFF0AB9-1293-4894-81FF-02A536906364}.Debug|Any CPU.ActiveCfg = Debug|Any CPU
		{2EFF0AB9-1293-4894-81FF-02A536906364}.Debug|Any CPU.Build.0 = Debug|Any CPU
		{2EFF0AB9-1293-4894-81FF-02A536906364}.Release|Any CPU.ActiveCfg = Release|Any CPU
		{2EFF0AB9-1293-4894-81FF-02A536906364}.Release|Any CPU.Build.0 = Release|Any CPU
		{1B3FBAAA-AA4B-4C67-8451-120965E2E48D}.Debug|Any CPU.ActiveCfg = Debug|Any CPU
		{1B3FBAAA-AA4B-4C67-8451-120965E2E48D}.Debug|Any CPU.Build.0 = Debug|Any CPU
		{1B3FBAAA-AA4B-4C67-8451-120965E2E48D}.Release|Any CPU.ActiveCfg = Release|Any CPU
		{1B3FBAAA-AA4B-4C67-8451-120965E2E48D}.Release|Any CPU.Build.0 = Release|Any CPU
	EndGlobalSection
	GlobalSection(SolutionProperties) = preSolution
		HideSolutionNode = FALSE
	EndGlobalSection
	GlobalSection(ExtensibilityGlobals) = postSolution
		SolutionGuid = {EDC42A8A-57F3-4B84-A55E-68740760E241}
	EndGlobalSection
EndGlobal
