
Microsoft Visual Studio Solution File, Format Version 12.00
# Visual Studio Version 17
VisualStudioVersion = 17.10.34916.146
MinimumVisualStudioVersion = 10.0.40219.1
Project("{FAE04EC0-301F-11D3-BF4B-00C04F79EFBC}") = "collections", "collections\collections.csproj", "{4015A21C-2F42-4742-AD22-490C38DF7CB7}"
EndProject
Global
	GlobalSection(SolutionConfigurationPlatforms) = preSolution
		Debug|Any CPU = Debug|Any CPU
		Release|Any CPU = Release|Any CPU
	EndGlobalSection
	GlobalSection(ProjectConfigurationPlatforms) = postSolution
		{4015A21C-2F42-4742-AD22-490C38DF7CB7}.Debug|Any CPU.ActiveCfg = Debug|Any CPU
		{4015A21C-2F42-4742-AD22-490C38DF7CB7}.Debug|Any CPU.Build.0 = Debug|Any CPU
		{4015A21C-2F42-4742-AD22-490C38DF7CB7}.Release|Any CPU.ActiveCfg = Release|Any CPU
		{4015A21C-2F42-4742-AD22-490C38DF7CB7}.Release|Any CPU.Build.0 = Release|Any CPU
	EndGlobalSection
	GlobalSection(SolutionProperties) = preSolution
		HideSolutionNode = FALSE
	EndGlobalSection
	GlobalSection(ExtensibilityGlobals) = postSolution
		SolutionGuid = {351CCD3D-2608-40D5-AB01-D33A14ABA3AA}
	EndGlobalSection
EndGlobal
